{
  "name": "sorai-permalink-resolver",
  "version": "0.1.0",
  "lockfileVersion": 3,
  "requires": true,
  "packages": {
    "": {
      "name": "sorai-permalink-resolver",
      "version": "0.1.0",
      "license": "MIT",
      "bin": {
        "sorai-permalink": "bin/sorai-permalink.js"
      },
      "engines": {
        "node": ">=18"
      }
    }
  }
}
